
Microsoft Visual Studio Solution File, Format Version 12.00
# Visual Studio Version 17
VisualStudioVersion = 17.8.34525.116
MinimumVisualStudioVersion = 10.0.40219.1
Project("{FAE04EC0-301F-11D3-BF4B-00C04F79EFBC}") = "Vezba5.2b", "Vezba5.2b.csproj", "{659BB1F3-294B-416D-A009-E258AE8CAF14}"
EndProject
Global
	GlobalSection(SolutionConfigurationPlatforms) = preSolution
		Debug|Any CPU = Debug|Any CPU
		Release|Any CPU = Release|Any CPU
	EndGlobalSection
	GlobalSection(ProjectConfigurationPlatforms) = postSolution
		{659BB1F3-294B-416D-A009-E258AE8CAF14}.Debug|Any CPU.ActiveCfg = Debug|Any CPU
		{659BB1F3-294B-416D-A009-E258AE8CAF14}.Debug|Any CPU.Build.0 = Debug|Any CPU
		{659BB1F3-294B-416D-A009-E258AE8CAF14}.Release|Any CPU.ActiveCfg = Release|Any CPU
		{659BB1F3-294B-416D-A009-E258AE8CAF14}.Release|Any CPU.Build.0 = Release|Any CPU
	EndGlobalSection
	GlobalSection(SolutionProperties) = preSolution
		HideSolutionNode = FALSE
	EndGlobalSection
	GlobalSection(ExtensibilityGlobals) = postSolution
		SolutionGuid = {5A928CB3-F24C-4955-B8FB-16099D47580D}
	EndGlobalSection
EndGlobal
